
Microsoft Visual Studio Solution File, Format Version 12.00
Project("{2150E333-8FDC-42A3-9474-1A3956D46DE8}") = "src", "src", "{50D541F8-1E87-4B8F-B4FD-E49BE2395155}"
EndProject
Project("{FAE04EC0-301F-11D3-BF4B-00C04F79EFBC}") = "XPlayer.Lang", "XPlayer.Lang\XPlayer.Lang.csproj", "{8B02B684-6A66-4B8E-88FB-946F675C9D7C}"
EndProject
Project("{FAE04EC0-301F-11D3-BF4B-00C04F79EFBC}") = "XPlayer.Desktop", "XPlayer.Desktop\XPlayer.Desktop.csproj", "{134CD046-9244-499C-A016-5344B0CF733F}"
EndProject
Global
	GlobalSection(SolutionConfigurationPlatforms) = preSolution
		Debug|Any CPU = Debug|Any CPU
		Debug|x64 = Debug|x64
		Debug|x86 = Debug|x86
		Release|Any CPU = Release|Any CPU
		Release|x64 = Release|x64
		Release|x86 = Release|x86
	EndGlobalSection
	GlobalSection(ProjectConfigurationPlatforms) = postSolution
		{8B02B684-6A66-4B8E-88FB-946F675C9D7C}.Debug|Any CPU.ActiveCfg = Debug|Any CPU
		{8B02B684-6A66-4B8E-88FB-946F675C9D7C}.Debug|Any CPU.Build.0 = Debug|Any CPU
		{8B02B684-6A66-4B8E-88FB-946F675C9D7C}.Debug|x64.ActiveCfg = Debug|Any CPU
		{8B02B684-6A66-4B8E-88FB-946F675C9D7C}.Debug|x64.Build.0 = Debug|Any CPU
		{8B02B684-6A66-4B8E-88FB-946F675C9D7C}.Debug|x86.ActiveCfg = Debug|Any CPU
		{8B02B684-6A66-4B8E-88FB-946F675C9D7C}.Debug|x86.Build.0 = Debug|Any CPU
		{8B02B684-6A66-4B8E-88FB-946F675C9D7C}.Release|Any CPU.ActiveCfg = Release|Any CPU
		{8B02B684-6A66-4B8E-88FB-946F675C9D7C}.Release|Any CPU.Build.0 = Release|Any CPU
		{8B02B684-6A66-4B8E-88FB-946F675C9D7C}.Release|x64.ActiveCfg = Release|Any CPU
		{8B02B684-6A66-4B8E-88FB-946F675C9D7C}.Release|x64.Build.0 = Release|Any CPU
		{8B02B684-6A66-4B8E-88FB-946F675C9D7C}.Release|x86.ActiveCfg = Release|Any CPU
		{8B02B684-6A66-4B8E-88FB-946F675C9D7C}.Release|x86.Build.0 = Release|Any CPU
		{134CD046-9244-499C-A016-5344B0CF733F}.Debug|Any CPU.ActiveCfg = Debug|Any CPU
		{134CD046-9244-499C-A016-5344B0CF733F}.Debug|Any CPU.Build.0 = Debug|Any CPU
		{134CD046-9244-499C-A016-5344B0CF733F}.Debug|x64.ActiveCfg = Debug|Any CPU
		{134CD046-9244-499C-A016-5344B0CF733F}.Debug|x64.Build.0 = Debug|Any CPU
		{134CD046-9244-499C-A016-5344B0CF733F}.Debug|x86.ActiveCfg = Debug|Any CPU
		{134CD046-9244-499C-A016-5344B0CF733F}.Debug|x86.Build.0 = Debug|Any CPU
		{134CD046-9244-499C-A016-5344B0CF733F}.Release|Any CPU.ActiveCfg = Release|Any CPU
		{134CD046-9244-499C-A016-5344B0CF733F}.Release|Any CPU.Build.0 = Release|Any CPU
		{134CD046-9244-499C-A016-5344B0CF733F}.Release|x64.ActiveCfg = Release|Any CPU
		{134CD046-9244-499C-A016-5344B0CF733F}.Release|x64.Build.0 = Release|Any CPU
		{134CD046-9244-499C-A016-5344B0CF733F}.Release|x86.ActiveCfg = Release|Any CPU
		{134CD046-9244-499C-A016-5344B0CF733F}.Release|x86.Build.0 = Release|Any CPU
	EndGlobalSection
	GlobalSection(SolutionProperties) = preSolution
		HideSolutionNode = FALSE
	EndGlobalSection
	GlobalSection(NestedProjects) = preSolution
		{8B02B684-6A66-4B8E-88FB-946F675C9D7C} = {50D541F8-1E87-4B8F-B4FD-E49BE2395155}
		{134CD046-9244-499C-A016-5344B0CF733F} = {50D541F8-1E87-4B8F-B4FD-E49BE2395155}
	EndGlobalSection
EndGlobal
